<?xml version="1.0" encoding="utf-8"?>
<Project ToolsVersion="4.0" xmlns="http://schemas.microsoft.com/developer/msbuild/2003">
  <ItemGroup>
    <Filter Include="Source files">
      <UniqueIdentifier>{22bdcc73-4117-4aa0-881b-76a64ae86781}</UniqueIdentifier>
      <Extensions>cpp;c;cc;cxx;def;odl;idl;hpj;bat;asm;asmx</Extensions>
    </Filter>
    <Filter Include="Header files">
      <UniqueIdentifier>{d7f521ba-5c61-42e4-8b85-8b1fc0ad29ff}</UniqueIdentifier>
      <Extensions>h;hpp;hxx;hm;inl;inc;xsd</Extensions>
    </Filter>
    <Filter Include="Resource files">
      <UniqueIdentifier>{4ddf2eac-f29e-4e08-8ac7-7dd89dccba7e}</UniqueIdentifier>
      <Extensions>rc;ico;cur;bmp;dlg;rc2;rct;bin;rgs;gif;jpg;jpeg;jpe;resx;tiff;tif;png;wav</Extensions>
    </Filter>
    <Filter Include="Make files">
      <UniqueIdentifier>{fcce6984-8423-4cef-a464-3c336a4f26d8}</UniqueIdentifier>
      <Extensions>*.mak</Extensions>
    </Filter>
  </ItemGroup>
  <ItemGroup>
    <ClCompile Include="app\src\serialcomm\SerialPort.cpp">
      <Filter>Source files</Filter>
    </ClCompile>
    <ClCompile Include="app\src\Main.cpp">
      <Filter>Source files</Filter>
    </ClCompile>
    <ClCompile Include="app\src\core\DataTypes.cpp">
      <Filter>Source files</Filter>
    </ClCompile>
  </ItemGroup>
  <ItemGroup>
    <None Include="Makefile" />
    <None Include="debug.mak">
      <Filter>Make files</Filter>
    </None>
    <None Include="release.mak">
      <Filter>Make files</Filter>
    </None>
  </ItemGroup>
  <ItemGroup>
    <ClInclude Include="app\inc\serialcomm\SerialPort.h">
      <Filter>Header files</Filter>
    </ClInclude>
    <ClInclude Include="app\inc\common.h">
      <Filter>Header files</Filter>
    </ClInclude>
    <ClInclude Include="app\inc\core\DataTypes.h">
      <Filter>Header files</Filter>
    </ClInclude>
  </ItemGroup>
</Project>